
Microsoft Visual Studio Solution File, Format Version 12.00
# Visual Studio 14
VisualStudioVersion = 14.0.23107.0
MinimumVisualStudioVersion = 10.0.40219.1
Project("{8BC9CEB8-8B4A-11D0-8D11-00A0C91BC942}") = "exe_test", "exe_test.vcxproj", "{1BDF86A7-E645-42B8-BEA4-9379939FF60F}"
EndProject
Project("{8BC9CEB8-8B4A-11D0-8D11-00A0C91BC942}") = "dll_test", "..\..\dll_test\dll_test\dll_test.vcxproj", "{47EBCE72-07AC-49A6-8057-119BD58576B7}"
EndProject
Global
	GlobalSection(SolutionConfigurationPlatforms) = preSolution
		Debug|x64 = Debug|x64
		Debug|x86 = Debug|x86
		Release|x64 = Release|x64
		Release|x86 = Release|x86
	EndGlobalSection
	GlobalSection(ProjectConfigurationPlatforms) = postSolution
		{1BDF86A7-E645-42B8-BEA4-9379939FF60F}.Debug|x64.ActiveCfg = Debug|x64
		{1BDF86A7-E645-42B8-BEA4-9379939FF60F}.Debug|x64.Build.0 = Debug|x64
		{1BDF86A7-E645-42B8-BEA4-9379939FF60F}.Debug|x86.ActiveCfg = Debug|Win32
		{1BDF86A7-E645-42B8-BEA4-9379939FF60F}.Debug|x86.Build.0 = Debug|Win32
		{1BDF86A7-E645-42B8-BEA4-9379939FF60F}.Release|x64.ActiveCfg = Release|x64
		{1BDF86A7-E645-42B8-BEA4-9379939FF60F}.Release|x64.Build.0 = Release|x64
		{1BDF86A7-E645-42B8-BEA4-9379939FF60F}.Release|x86.ActiveCfg = Release|Win32
		{1BDF86A7-E645-42B8-BEA4-9379939FF60F}.Release|x86.Build.0 = Release|Win32
		{47EBCE72-07AC-49A6-8057-119BD58576B7}.Debug|x64.ActiveCfg = Debug|x64
		{47EBCE72-07AC-49A6-8057-119BD58576B7}.Debug|x64.Build.0 = Debug|x64
		{47EBCE72-07AC-49A6-8057-119BD58576B7}.Debug|x86.ActiveCfg = Debug|Win32
		{47EBCE72-07AC-49A6-8057-119BD58576B7}.Debug|x86.Build.0 = Debug|Win32
		{47EBCE72-07AC-49A6-8057-119BD58576B7}.Release|x64.ActiveCfg = Release|x64
		{47EBCE72-07AC-49A6-8057-119BD58576B7}.Release|x64.Build.0 = Release|x64
		{47EBCE72-07AC-49A6-8057-119BD58576B7}.Release|x86.ActiveCfg = Release|Win32
		{47EBCE72-07AC-49A6-8057-119BD58576B7}.Release|x86.Build.0 = Release|Win32
	EndGlobalSection
	GlobalSection(SolutionProperties) = preSolution
		HideSolutionNode = FALSE
	EndGlobalSection
EndGlobal
